
Microsoft Visual Studio Solution File, Format Version 12.00
# Visual Studio 2013
VisualStudioVersion = 12.0.21005.1
MinimumVisualStudioVersion = 10.0.40219.1
Project("{FAE04EC0-301F-11D3-BF4B-00C04F79EFBC}") = "HeadspringExercize", "HeadspringExercize\HeadspringExercize.csproj", "{60CBC915-1879-4179-B93D-8B96AF67787D}"
EndProject
Project("{FAE04EC0-301F-11D3-BF4B-00C04F79EFBC}") = "FizzBuzz_Tests", "NUnit Test Project3\FizzBuzz_Tests.csproj", "{419A3F9B-0910-4085-8046-4C7B80346D68}"
EndProject
Project("{FAE04EC0-301F-11D3-BF4B-00C04F79EFBC}") = "FizzBuzz", "FizzBuzz\FizzBuzz.csproj", "{338F02A0-2CE0-46EA-BF83-DDA152C6CA0D}"
EndProject
Project("{FAE04EC0-301F-11D3-BF4B-00C04F79EFBC}") = "TestFizzBuzzWeb", "TestFizzBuzzWeb\TestFizzBuzzWeb.csproj", "{8E9E5B18-2B5D-4AF5-B582-3DDF169084D5}"
EndProject
Global
	GlobalSection(SolutionConfigurationPlatforms) = preSolution
		Debug|Any CPU = Debug|Any CPU
		Release|Any CPU = Release|Any CPU
	EndGlobalSection
	GlobalSection(ProjectConfigurationPlatforms) = postSolution
		{60CBC915-1879-4179-B93D-8B96AF67787D}.Debug|Any CPU.ActiveCfg = Debug|Any CPU
		{60CBC915-1879-4179-B93D-8B96AF67787D}.Debug|Any CPU.Build.0 = Debug|Any CPU
		{60CBC915-1879-4179-B93D-8B96AF67787D}.Release|Any CPU.ActiveCfg = Release|Any CPU
		{60CBC915-1879-4179-B93D-8B96AF67787D}.Release|Any CPU.Build.0 = Release|Any CPU
		{419A3F9B-0910-4085-8046-4C7B80346D68}.Debug|Any CPU.ActiveCfg = Debug|Any CPU
		{419A3F9B-0910-4085-8046-4C7B80346D68}.Debug|Any CPU.Build.0 = Debug|Any CPU
		{419A3F9B-0910-4085-8046-4C7B80346D68}.Release|Any CPU.ActiveCfg = Release|Any CPU
		{419A3F9B-0910-4085-8046-4C7B80346D68}.Release|Any CPU.Build.0 = Release|Any CPU
		{338F02A0-2CE0-46EA-BF83-DDA152C6CA0D}.Debug|Any CPU.ActiveCfg = Debug|Any CPU
		{338F02A0-2CE0-46EA-BF83-DDA152C6CA0D}.Debug|Any CPU.Build.0 = Debug|Any CPU
		{338F02A0-2CE0-46EA-BF83-DDA152C6CA0D}.Release|Any CPU.ActiveCfg = Release|Any CPU
		{338F02A0-2CE0-46EA-BF83-DDA152C6CA0D}.Release|Any CPU.Build.0 = Release|Any CPU
		{8E9E5B18-2B5D-4AF5-B582-3DDF169084D5}.Debug|Any CPU.ActiveCfg = Debug|Any CPU
		{8E9E5B18-2B5D-4AF5-B582-3DDF169084D5}.Debug|Any CPU.Build.0 = Debug|Any CPU
		{8E9E5B18-2B5D-4AF5-B582-3DDF169084D5}.Release|Any CPU.ActiveCfg = Release|Any CPU
		{8E9E5B18-2B5D-4AF5-B582-3DDF169084D5}.Release|Any CPU.Build.0 = Release|Any CPU
	EndGlobalSection
	GlobalSection(SolutionProperties) = preSolution
		HideSolutionNode = FALSE
	EndGlobalSection
EndGlobal
